
Microsoft Visual Studio Solution File, Format Version 12.00
# Visual Studio 15
VisualStudioVersion = 15.0.26124.0
MinimumVisualStudioVersion = 15.0.26124.0
Project("{FAE04EC0-301F-11D3-BF4B-00C04F79EFBC}") = "Datos", "Datos\Datos.csproj", "{87FE777E-FAFE-4507-9F13-BFE875F79FC1}"
EndProject
Project("{FAE04EC0-301F-11D3-BF4B-00C04F79EFBC}") = "Logica", "Logica\Logica.csproj", "{2815E72E-390E-4B16-B246-E1392CA76444}"
EndProject
Project("{FAE04EC0-301F-11D3-BF4B-00C04F79EFBC}") = "Entity", "Entity\Entity.csproj", "{B090271A-8A31-464A-9253-620C1713EB8F}"
EndProject
Project("{FAE04EC0-301F-11D3-BF4B-00C04F79EFBC}") = "Prs", "Prs\Prs.csproj", "{628A5953-1848-4400-9746-2D8C126C6A74}"
EndProject
Global
	GlobalSection(SolutionConfigurationPlatforms) = preSolution
		Debug|Any CPU = Debug|Any CPU
		Debug|x64 = Debug|x64
		Debug|x86 = Debug|x86
		Release|Any CPU = Release|Any CPU
		Release|x64 = Release|x64
		Release|x86 = Release|x86
	EndGlobalSection
	GlobalSection(SolutionProperties) = preSolution
		HideSolutionNode = FALSE
	EndGlobalSection
	GlobalSection(ProjectConfigurationPlatforms) = postSolution
		{87FE777E-FAFE-4507-9F13-BFE875F79FC1}.Debug|Any CPU.ActiveCfg = Debug|Any CPU
		{87FE777E-FAFE-4507-9F13-BFE875F79FC1}.Debug|Any CPU.Build.0 = Debug|Any CPU
		{87FE777E-FAFE-4507-9F13-BFE875F79FC1}.Debug|x64.ActiveCfg = Debug|Any CPU
		{87FE777E-FAFE-4507-9F13-BFE875F79FC1}.Debug|x64.Build.0 = Debug|Any CPU
		{87FE777E-FAFE-4507-9F13-BFE875F79FC1}.Debug|x86.ActiveCfg = Debug|Any CPU
		{87FE777E-FAFE-4507-9F13-BFE875F79FC1}.Debug|x86.Build.0 = Debug|Any CPU
		{87FE777E-FAFE-4507-9F13-BFE875F79FC1}.Release|Any CPU.ActiveCfg = Release|Any CPU
		{87FE777E-FAFE-4507-9F13-BFE875F79FC1}.Release|Any CPU.Build.0 = Release|Any CPU
		{87FE777E-FAFE-4507-9F13-BFE875F79FC1}.Release|x64.ActiveCfg = Release|Any CPU
		{87FE777E-FAFE-4507-9F13-BFE875F79FC1}.Release|x64.Build.0 = Release|Any CPU
		{87FE777E-FAFE-4507-9F13-BFE875F79FC1}.Release|x86.ActiveCfg = Release|Any CPU
		{87FE777E-FAFE-4507-9F13-BFE875F79FC1}.Release|x86.Build.0 = Release|Any CPU
		{2815E72E-390E-4B16-B246-E1392CA76444}.Debug|Any CPU.ActiveCfg = Debug|Any CPU
		{2815E72E-390E-4B16-B246-E1392CA76444}.Debug|Any CPU.Build.0 = Debug|Any CPU
		{2815E72E-390E-4B16-B246-E1392CA76444}.Debug|x64.ActiveCfg = Debug|Any CPU
		{2815E72E-390E-4B16-B246-E1392CA76444}.Debug|x64.Build.0 = Debug|Any CPU
		{2815E72E-390E-4B16-B246-E1392CA76444}.Debug|x86.ActiveCfg = Debug|Any CPU
		{2815E72E-390E-4B16-B246-E1392CA76444}.Debug|x86.Build.0 = Debug|Any CPU
		{2815E72E-390E-4B16-B246-E1392CA76444}.Release|Any CPU.ActiveCfg = Release|Any CPU
		{2815E72E-390E-4B16-B246-E1392CA76444}.Release|Any CPU.Build.0 = Release|Any CPU
		{2815E72E-390E-4B16-B246-E1392CA76444}.Release|x64.ActiveCfg = Release|Any CPU
		{2815E72E-390E-4B16-B246-E1392CA76444}.Release|x64.Build.0 = Release|Any CPU
		{2815E72E-390E-4B16-B246-E1392CA76444}.Release|x86.ActiveCfg = Release|Any CPU
		{2815E72E-390E-4B16-B246-E1392CA76444}.Release|x86.Build.0 = Release|Any CPU
		{B090271A-8A31-464A-9253-620C1713EB8F}.Debug|Any CPU.ActiveCfg = Debug|Any CPU
		{B090271A-8A31-464A-9253-620C1713EB8F}.Debug|Any CPU.Build.0 = Debug|Any CPU
		{B090271A-8A31-464A-9253-620C1713EB8F}.Debug|x64.ActiveCfg = Debug|Any CPU
		{B090271A-8A31-464A-9253-620C1713EB8F}.Debug|x64.Build.0 = Debug|Any CPU
		{B090271A-8A31-464A-9253-620C1713EB8F}.Debug|x86.ActiveCfg = Debug|Any CPU
		{B090271A-8A31-464A-9253-620C1713EB8F}.Debug|x86.Build.0 = Debug|Any CPU
		{B090271A-8A31-464A-9253-620C1713EB8F}.Release|Any CPU.ActiveCfg = Release|Any CPU
		{B090271A-8A31-464A-9253-620C1713EB8F}.Release|Any CPU.Build.0 = Release|Any CPU
		{B090271A-8A31-464A-9253-620C1713EB8F}.Release|x64.ActiveCfg = Release|Any CPU
		{B090271A-8A31-464A-9253-620C1713EB8F}.Release|x64.Build.0 = Release|Any CPU
		{B090271A-8A31-464A-9253-620C1713EB8F}.Release|x86.ActiveCfg = Release|Any CPU
		{B090271A-8A31-464A-9253-620C1713EB8F}.Release|x86.Build.0 = Release|Any CPU
		{628A5953-1848-4400-9746-2D8C126C6A74}.Debug|Any CPU.ActiveCfg = Debug|Any CPU
		{628A5953-1848-4400-9746-2D8C126C6A74}.Debug|Any CPU.Build.0 = Debug|Any CPU
		{628A5953-1848-4400-9746-2D8C126C6A74}.Debug|x64.ActiveCfg = Debug|Any CPU
		{628A5953-1848-4400-9746-2D8C126C6A74}.Debug|x64.Build.0 = Debug|Any CPU
		{628A5953-1848-4400-9746-2D8C126C6A74}.Debug|x86.ActiveCfg = Debug|Any CPU
		{628A5953-1848-4400-9746-2D8C126C6A74}.Debug|x86.Build.0 = Debug|Any CPU
		{628A5953-1848-4400-9746-2D8C126C6A74}.Release|Any CPU.ActiveCfg = Release|Any CPU
		{628A5953-1848-4400-9746-2D8C126C6A74}.Release|Any CPU.Build.0 = Release|Any CPU
		{628A5953-1848-4400-9746-2D8C126C6A74}.Release|x64.ActiveCfg = Release|Any CPU
		{628A5953-1848-4400-9746-2D8C126C6A74}.Release|x64.Build.0 = Release|Any CPU
		{628A5953-1848-4400-9746-2D8C126C6A74}.Release|x86.ActiveCfg = Release|Any CPU
		{628A5953-1848-4400-9746-2D8C126C6A74}.Release|x86.Build.0 = Release|Any CPU
	EndGlobalSection
EndGlobal
